
Microsoft Visual Studio Solution File, Format Version 12.00
# Visual Studio Version 17
VisualStudioVersion = 17.0.31710.8
MinimumVisualStudioVersion = 10.0.40219.1
Project("{FAE04EC0-301F-11D3-BF4B-00C04F79EFBC}") = "DateOnlyTimeOnly.AspNet", "DateOnlyTimeOnly.AspNet\DateOnlyTimeOnly.AspNet.csproj", "{1007D745-4675-4089-8814-BDFCDD6B7D87}"
EndProject
Project("{2150E333-8FDC-42A3-9474-1A3956D46DE8}") = "Solution Items", "Solution Items", "{123CC2B7-516F-49B8-8568-1F327C2FAA49}"
EndProject
Project("{2150E333-8FDC-42A3-9474-1A3956D46DE8}") = "workflows", "workflows", "{C034BB86-04DE-4B74-9F71-9A7A02719CE3}"
	ProjectSection(SolutionItems) = preProject
		.github\workflows\build.yml = .github\workflows\build.yml
		.github\workflows\publish.yml = .github\workflows\publish.yml
	EndProjectSection
EndProject
Global
	GlobalSection(SolutionConfigurationPlatforms) = preSolution
		Debug|Any CPU = Debug|Any CPU
		Release|Any CPU = Release|Any CPU
	EndGlobalSection
	GlobalSection(ProjectConfigurationPlatforms) = postSolution
		{1007D745-4675-4089-8814-BDFCDD6B7D87}.Debug|Any CPU.ActiveCfg = Debug|Any CPU
		{1007D745-4675-4089-8814-BDFCDD6B7D87}.Debug|Any CPU.Build.0 = Debug|Any CPU
		{1007D745-4675-4089-8814-BDFCDD6B7D87}.Release|Any CPU.ActiveCfg = Release|Any CPU
		{1007D745-4675-4089-8814-BDFCDD6B7D87}.Release|Any CPU.Build.0 = Release|Any CPU
	EndGlobalSection
	GlobalSection(SolutionProperties) = preSolution
		HideSolutionNode = FALSE
	EndGlobalSection
	GlobalSection(NestedProjects) = preSolution
		{C034BB86-04DE-4B74-9F71-9A7A02719CE3} = {123CC2B7-516F-49B8-8568-1F327C2FAA49}
	EndGlobalSection
	GlobalSection(ExtensibilityGlobals) = postSolution
		SolutionGuid = {A775A75D-82A4-4C00-A9F1-981CEF49E4E1}
	EndGlobalSection
EndGlobal
